
Microsoft Visual Studio Solution File, Format Version 12.00
# Visual Studio Version 17
VisualStudioVersion = 17.5.002.0
MinimumVisualStudioVersion = 10.0.40219.1
Project("{9A19103F-16F7-4668-BE54-9A1E7A4F7556}") = "ByteBankV2", "ByteBankV2\ByteBankV2.csproj", "{20050239-A5D8-444E-9DBF-8D9CAFCDDAC2}"
EndProject
Global
	GlobalSection(SolutionConfigurationPlatforms) = preSolution
		Debug|Any CPU = Debug|Any CPU
		Release|Any CPU = Release|Any CPU
	EndGlobalSection
	GlobalSection(ProjectConfigurationPlatforms) = postSolution
		{20050239-A5D8-444E-9DBF-8D9CAFCDDAC2}.Debug|Any CPU.ActiveCfg = Debug|Any CPU
		{20050239-A5D8-444E-9DBF-8D9CAFCDDAC2}.Debug|Any CPU.Build.0 = Debug|Any CPU
		{20050239-A5D8-444E-9DBF-8D9CAFCDDAC2}.Release|Any CPU.ActiveCfg = Release|Any CPU
		{20050239-A5D8-444E-9DBF-8D9CAFCDDAC2}.Release|Any CPU.Build.0 = Release|Any CPU
	EndGlobalSection
	GlobalSection(SolutionProperties) = preSolution
		HideSolutionNode = FALSE
	EndGlobalSection
	GlobalSection(ExtensibilityGlobals) = postSolution
		SolutionGuid = {BEF5F1A9-ABDF-4DBC-ABED-E3DDA29DD0EF}
	EndGlobalSection
EndGlobal
